
Microsoft Visual Studio Solution File, Format Version 12.00
# Visual Studio Version 17
VisualStudioVersion = 17.0.32126.317
MinimumVisualStudioVersion = 10.0.40219.1
Project("{FAE04EC0-301F-11D3-BF4B-00C04F79EFBC}") = "remove-metadata-from-image", "remove-metadata-from-image.csproj", "{826C5890-0532-4152-878B-96B2B24E5127}"
EndProject
Global
	GlobalSection(SolutionConfigurationPlatforms) = preSolution
		Debug|Any CPU = Debug|Any CPU
		Release|Any CPU = Release|Any CPU
	EndGlobalSection
	GlobalSection(ProjectConfigurationPlatforms) = postSolution
		{826C5890-0532-4152-878B-96B2B24E5127}.Debug|Any CPU.ActiveCfg = Debug|Any CPU
		{826C5890-0532-4152-878B-96B2B24E5127}.Debug|Any CPU.Build.0 = Debug|Any CPU
		{826C5890-0532-4152-878B-96B2B24E5127}.Release|Any CPU.ActiveCfg = Release|Any CPU
		{826C5890-0532-4152-878B-96B2B24E5127}.Release|Any CPU.Build.0 = Release|Any CPU
	EndGlobalSection
	GlobalSection(SolutionProperties) = preSolution
		HideSolutionNode = FALSE
	EndGlobalSection
	GlobalSection(ExtensibilityGlobals) = postSolution
		SolutionGuid = {D35A7056-CCD4-40F7-BAC8-C1A4F818714C}
	EndGlobalSection
EndGlobal
